
Microsoft Visual Studio Solution File, Format Version 12.00
# Visual Studio Version 16
VisualStudioVersion = 16.0.30804.86
MinimumVisualStudioVersion = 10.0.40219.1
Project("{9A19103F-16F7-4668-BE54-9A1E7A4F7556}") = "MVMCorrespondencia", "MVMCorrespondencia\MVMCorrespondencia.csproj", "{D4919CD1-414D-4C4D-85C2-3EFF0B3F5B54}"
EndProject
Global
	GlobalSection(SolutionConfigurationPlatforms) = preSolution
		Debug|Any CPU = Debug|Any CPU
		Release|Any CPU = Release|Any CPU
	EndGlobalSection
	GlobalSection(ProjectConfigurationPlatforms) = postSolution
		{D4919CD1-414D-4C4D-85C2-3EFF0B3F5B54}.Debug|Any CPU.ActiveCfg = Debug|Any CPU
		{D4919CD1-414D-4C4D-85C2-3EFF0B3F5B54}.Debug|Any CPU.Build.0 = Debug|Any CPU
		{D4919CD1-414D-4C4D-85C2-3EFF0B3F5B54}.Release|Any CPU.ActiveCfg = Release|Any CPU
		{D4919CD1-414D-4C4D-85C2-3EFF0B3F5B54}.Release|Any CPU.Build.0 = Release|Any CPU
	EndGlobalSection
	GlobalSection(SolutionProperties) = preSolution
		HideSolutionNode = FALSE
	EndGlobalSection
	GlobalSection(ExtensibilityGlobals) = postSolution
		SolutionGuid = {907686F4-4F64-469D-88D7-9A89823CEBC7}
	EndGlobalSection
EndGlobal
